
Microsoft Visual Studio Solution File, Format Version 12.00
# Visual Studio Version 17
VisualStudioVersion = 17.2.32616.157
MinimumVisualStudioVersion = 10.0.40219.1
Project("{2150E333-8FDC-42A3-9474-1A3956D46DE8}") = "FrontEnd", "FrontEnd", "{D041C55F-2150-49E0-89F6-EAB356C45B44}"
EndProject
Project("{2150E333-8FDC-42A3-9474-1A3956D46DE8}") = "Services", "Services", "{1B4CF4AB-C196-40F2-9616-DC5499CDD57D}"
EndProject
Project("{FAE04EC0-301F-11D3-BF4B-00C04F79EFBC}") = "GeekShopping.Web", "GeekShopping.Web\GeekShopping.Web.csproj", "{E244C9EE-647C-4F26-B25B-457C160B9B2A}"
EndProject
Global
	GlobalSection(SolutionConfigurationPlatforms) = preSolution
		Debug|Any CPU = Debug|Any CPU
		Release|Any CPU = Release|Any CPU
	EndGlobalSection
	GlobalSection(ProjectConfigurationPlatforms) = postSolution
		{E244C9EE-647C-4F26-B25B-457C160B9B2A}.Debug|Any CPU.ActiveCfg = Debug|Any CPU
		{E244C9EE-647C-4F26-B25B-457C160B9B2A}.Debug|Any CPU.Build.0 = Debug|Any CPU
		{E244C9EE-647C-4F26-B25B-457C160B9B2A}.Release|Any CPU.ActiveCfg = Release|Any CPU
		{E244C9EE-647C-4F26-B25B-457C160B9B2A}.Release|Any CPU.Build.0 = Release|Any CPU
	EndGlobalSection
	GlobalSection(SolutionProperties) = preSolution
		HideSolutionNode = FALSE
	EndGlobalSection
	GlobalSection(NestedProjects) = preSolution
		{E244C9EE-647C-4F26-B25B-457C160B9B2A} = {D041C55F-2150-49E0-89F6-EAB356C45B44}
	EndGlobalSection
	GlobalSection(ExtensibilityGlobals) = postSolution
		SolutionGuid = {37C91EE9-C135-42F5-9DCC-04071BD5F145}
	EndGlobalSection
EndGlobal
